// !$*UTF8*$!
{
	archiveVersion = 1;
	classes = {
	};
	objectVersion = 50;
	objects = {

/* Begin PBXBuildFile section */
		C002DFDC24E7290400E0C658 /* main.cpp in Sources */ = {isa = PBXBuildFile; fileRef = C002DFDB24E7290400E0C658 /* main.cpp */; };
		C002DFE424E7296800E0C658 /* GameGlass.cpp in Sources */ = {isa = PBXBuildFile; fileRef = C002DFE224E7296800E0C658 /* GameGlass.cpp */; };
		C002DFE924E72BF800E0C658 /* SDL2.framework in Frameworks */ = {isa = PBXBuildFile; fileRef = C002DFE824E72BF800E0C658 /* SDL2.framework */; };
		C002DFEA24E72BF800E0C658 /* SDL2.framework in Embed Frameworks */ = {isa = PBXBuildFile; fileRef = C002DFE824E72BF800E0C658 /* SDL2.framework */; settings = {ATTRIBUTES = (CodeSignOnCopy, RemoveHeadersOnCopy, ); }; };
		C002DFED24E72C0C00E0C658 /* SDL2_image.framework in Frameworks */ = {isa = PBXBuildFile; fileRef = C002DFEC24E72C0B00E0C658 /* SDL2_image.framework */; };
		C002DFEE24E72C0C00E0C658 /* SDL2_image.framework in Embed Frameworks */ = {isa = PBXBuildFile; fileRef = C002DFEC24E72C0B00E0C658 /* SDL2_image.framework */; settings = {ATTRIBUTES = (CodeSignOnCopy, RemoveHeadersOnCopy, ); }; };
		C002DFF224E72D2D00E0C658 /* TextureManager.cpp in Sources */ = {isa = PBXBuildFile; fileRef = C002DFF024E72D2D00E0C658 /* TextureManager.cpp */; };
/* End PBXBuildFile section */

/* Begin PBXCopyFilesBuildPhase section */
		C002DFD624E7290400E0C658 /* CopyFiles */ = {
			isa = PBXCopyFilesBuildPhase;
			buildActionMask = 2147483647;
			dstPath = /usr/share/man/man1/;
			dstSubfolderSpec = 0;
			files = (
			);
			runOnlyForDeploymentPostprocessing = 1;
		};
		C002DFEB24E72BF800E0C658 /* Embed Frameworks */ = {
			isa = PBXCopyFilesBuildPhase;
			buildActionMask = 2147483647;
			dstPath = "";
			dstSubfolderSpec = 10;
			files = (
				C002DFEA24E72BF800E0C658 /* SDL2.framework in Embed Frameworks */,
				C002DFEE24E72C0C00E0C658 /* SDL2_image.framework in Embed Frameworks */,
			);
			name = "Embed Frameworks";
			runOnlyForDeploymentPostprocessing = 0;
		};
/* End PBXCopyFilesBuildPhase section */

/* Begin PBXFileReference section */
		C002DFD824E7290400E0C658 /* TopDownScroller */ = {isa = PBXFileReference; explicitFileType = "compiled.mach-o.executable"; includeInIndex = 0; path = TopDownScroller; sourceTree = BUILT_PRODUCTS_DIR; };
		C002DFDB24E7290400E0C658 /* main.cpp */ = {isa = PBXFileReference; lastKnownFileType = sourcecode.cpp.cpp; path = main.cpp; sourceTree = "<group>"; };
		C002DFE224E7296800E0C658 /* GameGlass.cpp */ = {isa = PBXFileReference; fileEncoding = 4; lastKnownFileType = sourcecode.cpp.cpp; path = GameGlass.cpp; sourceTree = "<group>"; };
		C002DFE324E7296800E0C658 /* GameGlass.hpp */ = {isa = PBXFileReference; fileEncoding = 4; lastKnownFileType = sourcecode.cpp.h; path = GameGlass.hpp; sourceTree = "<group>"; };
		C002DFE824E72BF800E0C658 /* SDL2.framework */ = {isa = PBXFileReference; lastKnownFileType = wrapper.framework; name = SDL2.framework; path = ../../../../../../../Library/Frameworks/SDL2.framework; sourceTree = "<group>"; };
		C002DFEC24E72C0B00E0C658 /* SDL2_image.framework */ = {isa = PBXFileReference; lastKnownFileType = wrapper.framework; name = SDL2_image.framework; path = ../../../../../../../Library/Frameworks/SDL2_image.framework; sourceTree = "<group>"; };
		C002DFEF24E72C1500E0C658 /* TopDownScroller.entitlements */ = {isa = PBXFileReference; lastKnownFileType = text.plist.entitlements; path = TopDownScroller.entitlements; sourceTree = "<group>"; };
		C002DFF024E72D2D00E0C658 /* TextureManager.cpp */ = {isa = PBXFileReference; lastKnownFileType = sourcecode.cpp.cpp; path = TextureManager.cpp; sourceTree = "<group>"; };
		C002DFF124E72D2D00E0C658 /* TextureManager.hpp */ = {isa = PBXFileReference; lastKnownFileType = sourcecode.cpp.h; path = TextureManager.hpp; sourceTree = "<group>"; };
/* End PBXFileReference section */

/* Begin PBXFrameworksBuildPhase section */
		C002DFD524E7290400E0C658 /* Frameworks */ = {
			isa = PBXFrameworksBuildPhase;
			buildActionMask = 2147483647;
			files = (
				C002DFE924E72BF800E0C658 /* SDL2.framework in Frameworks */,
				C002DFED24E72C0C00E0C658 /* SDL2_image.framework in Frameworks */,
			);
			runOnlyForDeploymentPostprocessing = 0;
		};
/* End PBXFrameworksBuildPhase section */

/* Begin PBXGroup section */
		C002DFCF24E7290400E0C658 = {
			isa = PBXGroup;
			children = (
				C002DFDA24E7290400E0C658 /* TopDownScroller */,
				C002DFD924E7290400E0C658 /* Products */,
				C002DFE724E72BF800E0C658 /* Frameworks */,
			);
			sourceTree = "<group>";
		};
		C002DFD924E7290400E0C658 /* Products */ = {
			isa = PBXGroup;
			children = (
				C002DFD824E7290400E0C658 /* TopDownScroller */,
			);
			name = Products;
			sourceTree = "<group>";
		};
		C002DFDA24E7290400E0C658 /* TopDownScroller */ = {
			isa = PBXGroup;
			children = (
				C002DFEF24E72C1500E0C658 /* TopDownScroller.entitlements */,
				C002DFDB24E7290400E0C658 /* main.cpp */,
				C002DFE224E7296800E0C658 /* GameGlass.cpp */,
				C002DFE324E7296800E0C658 /* GameGlass.hpp */,
				C002DFF024E72D2D00E0C658 /* TextureManager.cpp */,
				C002DFF124E72D2D00E0C658 /* TextureManager.hpp */,
			);
			path = TopDownScroller;
			sourceTree = "<group>";
		};
		C002DFE724E72BF800E0C658 /* Frameworks */ = {
			isa = PBXGroup;
			children = (
				C002DFEC24E72C0B00E0C658 /* SDL2_image.framework */,
				C002DFE824E72BF800E0C658 /* SDL2.framework */,
			);
			name = Frameworks;
			sourceTree = "<group>";
		};
/* End PBXGroup section */

/* Begin PBXNativeTarget section */
		C002DFD724E7290400E0C658 /* TopDownScroller */ = {
			isa = PBXNativeTarget;
			buildConfigurationList = C002DFDF24E7290400E0C658 /* Build configuration list for PBXNativeTarget "TopDownScroller" */;
			buildPhases = (
				C002DFD424E7290400E0C658 /* Sources */,
				C002DFD524E7290400E0C658 /* Frameworks */,
				C002DFD624E7290400E0C658 /* CopyFiles */,
				C002DFEB24E72BF800E0C658 /* Embed Frameworks */,
			);
			buildRules = (
			);
			dependencies = (
			);
			name = TopDownScroller;
			productName = TopDownScroller;
			productReference = C002DFD824E7290400E0C658 /* TopDownScroller */;
			productType = "com.apple.product-type.tool";
		};
/* End PBXNativeTarget section */

/* Begin PBXProject section */
		C002DFD024E7290400E0C658 /* Project object */ = {
			isa = PBXProject;
			attributes = {
				LastUpgradeCheck = 1160;
				ORGANIZATIONNAME = "Hayden Setlik";
				TargetAttributes = {
					C002DFD724E7290400E0C658 = {
						CreatedOnToolsVersion = 11.6;
					};
				};
			};
			buildConfigurationList = C002DFD324E7290400E0C658 /* Build configuration list for PBXProject "TopDownScroller" */;
			compatibilityVersion = "Xcode 9.3";
			developmentRegion = en;
			hasScannedForEncodings = 0;
			knownRegions = (
				en,
				Base,
			);
			mainGroup = C002DFCF24E7290400E0C658;
			productRefGroup = C002DFD924E7290400E0C658 /* Products */;
			projectDirPath = "";
			projectRoot = "";
			targets = (
				C002DFD724E7290400E0C658 /* TopDownScroller */,
			);
		};
/* End PBXProject section */

/* Begin PBXSourcesBuildPhase section */
		C002DFD424E7290400E0C658 /* Sources */ = {
			isa = PBXSourcesBuildPhase;
			buildActionMask = 2147483647;
			files = (
				C002DFE424E7296800E0C658 /* GameGlass.cpp in Sources */,
				C002DFDC24E7290400E0C658 /* main.cpp in Sources */,
				C002DFF224E72D2D00E0C658 /* TextureManager.cpp in Sources */,
			);
			runOnlyForDeploymentPostprocessing = 0;
		};
/* End PBXSourcesBuildPhase section */

/* Begin XCBuildConfiguration section */
		C002DFDD24E7290400E0C658 /* Debug */ = {
			isa = XCBuildConfiguration;
			buildSettings = {
				ALWAYS_SEARCH_USER_PATHS = NO;
				CLANG_ANALYZER_NONNULL = YES;
				CLANG_ANALYZER_NUMBER_OBJECT_CONVERSION = YES_AGGRESSIVE;
				CLANG_CXX_LANGUAGE_STANDARD = "gnu++14";
				CLANG_CXX_LIBRARY = "libc++";
				CLANG_ENABLE_MODULES = YES;
				CLANG_ENABLE_OBJC_ARC = YES;
				CLANG_ENABLE_OBJC_WEAK = YES;
				CLANG_WARN_BLOCK_CAPTURE_AUTORELEASING = YES;
				CLANG_WARN_BOOL_CONVERSION = YES;
				CLANG_WARN_COMMA = YES;
				CLANG_WARN_CONSTANT_CONVERSION = YES;
				CLANG_WARN_DEPRECATED_OBJC_IMPLEMENTATIONS = YES;
				CLANG_WARN_DIRECT_OBJC_ISA_USAGE = YES_ERROR;
				CLANG_WARN_DOCUMENTATION_COMMENTS = YES;
				CLANG_WARN_EMPTY_BODY = YES;
				CLANG_WARN_ENUM_CONVERSION = YES;
				CLANG_WARN_INFINITE_RECURSION = YES;
				CLANG_WARN_INT_CONVERSION = YES;
				CLANG_WARN_NON_LITERAL_NULL_CONVERSION = YES;
				CLANG_WARN_OBJC_IMPLICIT_RETAIN_SELF = YES;
				CLANG_WARN_OBJC_LITERAL_CONVERSION = YES;
				CLANG_WARN_OBJC_ROOT_CLASS = YES_ERROR;
				CLANG_WARN_RANGE_LOOP_ANALYSIS = YES;
				CLANG_WARN_STRICT_PROTOTYPES = YES;
				CLANG_WARN_SUSPICIOUS_MOVE = YES;
				CLANG_WARN_UNGUARDED_AVAILABILITY = YES_AGGRESSIVE;
				CLANG_WARN_UNREACHABLE_CODE = YES;
				CLANG_WARN__DUPLICATE_METHOD_MATCH = YES;
				COPY_PHASE_STRIP = NO;
				DEBUG_INFORMATION_FORMAT = dwarf;
				ENABLE_STRICT_OBJC_MSGSEND = YES;
				ENABLE_TESTABILITY = YES;
				GCC_C_LANGUAGE_STANDARD = gnu11;
				GCC_DYNAMIC_NO_PIC = NO;
				GCC_NO_COMMON_BLOCKS = YES;
				GCC_OPTIMIZATION_LEVEL = 0;
				GCC_PREPROCESSOR_DEFINITIONS = (
					"DEBUG=1",
					"$(inherited)",
				);
				GCC_WARN_64_TO_32_BIT_CONVERSION = YES;
				GCC_WARN_ABOUT_RETURN_TYPE = YES_ERROR;
				GCC_WARN_UNDECLARED_SELECTOR = YES;
				GCC_WARN_UNINITIALIZED_AUTOS = YES_AGGRESSIVE;
				GCC_WARN_UNUSED_FUNCTION = YES;
				GCC_WARN_UNUSED_VARIABLE = YES;
				MACOSX_DEPLOYMENT_TARGET = 10.15;
				MTL_ENABLE_DEBUG_INFO = INCLUDE_SOURCE;
				MTL_FAST_MATH = YES;
				ONLY_ACTIVE_ARCH = YES;
				SDKROOT = macosx;
			};
			name = Debug;
		};
		C002DFDE24E7290400E0C658 /* Release */ = {
			isa = XCBuildConfiguration;
			buildSettings = {
				ALWAYS_SEARCH_USER_PATHS = NO;
				CLANG_ANALYZER_NONNULL = YES;
				CLANG_ANALYZER_NUMBER_OBJECT_CONVERSION = YES_AGGRESSIVE;
				CLANG_CXX_LANGUAGE_STANDARD = "gnu++14";
				CLANG_CXX_LIBRARY = "libc++";
				CLANG_ENABLE_MODULES = YES;
				CLANG_ENABLE_OBJC_ARC = YES;
				CLANG_ENABLE_OBJC_WEAK = YES;
				CLANG_WARN_BLOCK_CAPTURE_AUTORELEASING = YES;
				CLANG_WARN_BOOL_CONVERSION = YES;
				CLANG_WARN_COMMA = YES;
				CLANG_WARN_CONSTANT_CONVERSION = YES;
				CLANG_WARN_DEPRECATED_OBJC_IMPLEMENTATIONS = YES;
				CLANG_WARN_DIRECT_OBJC_ISA_USAGE = YES_ERROR;
				CLANG_WARN_DOCUMENTATION_COMMENTS = YES;
				CLANG_WARN_EMPTY_BODY = YES;
				CLANG_WARN_ENUM_CONVERSION = YES;
				CLANG_WARN_INFINITE_RECURSION = YES;
				CLANG_WARN_INT_CONVERSION = YES;
				CLANG_WARN_NON_LITERAL_NULL_CONVERSION = YES;
				CLANG_WARN_OBJC_IMPLICIT_RETAIN_SELF = YES;
				CLANG_WARN_OBJC_LITERAL_CONVERSION = YES;
				CLANG_WARN_OBJC_ROOT_CLASS = YES_ERROR;
				CLANG_WARN_RANGE_LOOP_ANALYSIS = YES;
				CLANG_WARN_STRICT_PROTOTYPES = YES;
				CLANG_WARN_SUSPICIOUS_MOVE = YES;
				CLANG_WARN_UNGUARDED_AVAILABILITY = YES_AGGRESSIVE;
				CLANG_WARN_UNREACHABLE_CODE = YES;
				CLANG_WARN__DUPLICATE_METHOD_MATCH = YES;
				COPY_PHASE_STRIP = NO;
				DEBUG_INFORMATION_FORMAT = "dwarf-with-dsym";
				ENABLE_NS_ASSERTIONS = NO;
				ENABLE_STRICT_OBJC_MSGSEND = YES;
				GCC_C_LANGUAGE_STANDARD = gnu11;
				GCC_NO_COMMON_BLOCKS = YES;
				GCC_WARN_64_TO_32_BIT_CONVERSION = YES;
				GCC_WARN_ABOUT_RETURN_TYPE = YES_ERROR;
				GCC_WARN_UNDECLARED_SELECTOR = YES;
				GCC_WARN_UNINITIALIZED_AUTOS = YES_AGGRESSIVE;
				GCC_WARN_UNUSED_FUNCTION = YES;
				GCC_WARN_UNUSED_VARIABLE = YES;
				MACOSX_DEPLOYMENT_TARGET = 10.15;
				MTL_ENABLE_DEBUG_INFO = NO;
				MTL_FAST_MATH = YES;
				SDKROOT = macosx;
			};
			name = Release;
		};
		C002DFE024E7290400E0C658 /* Debug */ = {
			isa = XCBuildConfiguration;
			buildSettings = {
				CODE_SIGN_ENTITLEMENTS = TopDownScroller/TopDownScroller.entitlements;
				CODE_SIGN_STYLE = Automatic;
				DEVELOPMENT_TEAM = 9GGFZC47P2;
				ENABLE_HARDENED_RUNTIME = YES;
				FRAMEWORK_SEARCH_PATHS = (
					"$(inherited)",
					"$(LOCAL_LIBRARY_DIR)/Frameworks",
				);
				PRODUCT_NAME = "$(TARGET_NAME)";
			};
			name = Debug;
		};
		C002DFE124E7290400E0C658 /* Release */ = {
			isa = XCBuildConfiguration;
			buildSettings = {
				CODE_SIGN_ENTITLEMENTS = TopDownScroller/TopDownScroller.entitlements;
				CODE_SIGN_STYLE = Automatic;
				DEVELOPMENT_TEAM = 9GGFZC47P2;
				ENABLE_HARDENED_RUNTIME = YES;
				FRAMEWORK_SEARCH_PATHS = (
					"$(inherited)",
					"$(LOCAL_LIBRARY_DIR)/Frameworks",
				);
				PRODUCT_NAME = "$(TARGET_NAME)";
			};
			name = Release;
		};
/* End XCBuildConfiguration section */

/* Begin XCConfigurationList section */
		C002DFD324E7290400E0C658 /* Build configuration list for PBXProject "TopDownScroller" */ = {
			isa = XCConfigurationList;
			buildConfigurations = (
				C002DFDD24E7290400E0C658 /* Debug */,
				C002DFDE24E7290400E0C658 /* Release */,
			);
			defaultConfigurationIsVisible = 0;
			defaultConfigurationName = Release;
		};
		C002DFDF24E7290400E0C658 /* Build configuration list for PBXNativeTarget "TopDownScroller" */ = {
			isa = XCConfigurationList;
			buildConfigurations = (
				C002DFE024E7290400E0C658 /* Debug */,
				C002DFE124E7290400E0C658 /* Release */,
			);
			defaultConfigurationIsVisible = 0;
			defaultConfigurationName = Release;
		};
/* End XCConfigurationList section */
	};
	rootObject = C002DFD024E7290400E0C658 /* Project object */;
}
